{
  "originHash" : "d4a0ac42f8ceb00cfe4974c3d612da3976a5c2531b803054a73550b189814f8d",
  "pins" : [
    {
      "identity" : "asyncextensions",
      "kind" : "remoteSourceControl",
      "location" : "https://github.com/sideeffect-io/AsyncExtensions.git",
      "state" : {
        "revision" : "c2b32caf189993285b5a782fe7cd658ed1fa9b9a",
        "version" : "0.5.5"
      }
    },
    {
      "identity" : "swift-collections",
      "kind" : "remoteSourceControl",
      "location" : "https://github.com/apple/swift-collections.git",
      "state" : {
        "revision" : "8d9834a6189db730f6264db7556a7ffb751e99ee",
        "version" : "1.4.0"
      }
    }
  ],
  "version" : 3
}
