{
  "originHash" : "513bb69c36baa2708ad81072907de65581aa30283c42fdbb23bc3184e037c9bc",
  "pins" : [
    {
      "identity" : "asyncextensions",
      "kind" : "remoteSourceControl",
      "location" : "https://github.com/sideeffect-io/AsyncExtensions.git",
      "state" : {
        "revision" : "3442d3d046800f1974bda096faaf0ac510b21154",
        "version" : "0.5.3"
      }
    },
    {
      "identity" : "swift-collections",
      "kind" : "remoteSourceControl",
      "location" : "https://github.com/apple/swift-collections.git",
      "state" : {
        "revision" : "c1805596154bb3a265fd91b8ac0c4433b4348fb0",
        "version" : "1.2.0"
      }
    }
  ],
  "version" : 3
}
