{
  "originHash" : "c04fbca53e6a2c8ff178b6767a3069c73aecacd4dd04bbfabd196c1a500954ff",
  "pins" : [
    {
      "identity" : "asyncextensions",
      "kind" : "remoteSourceControl",
      "location" : "https://github.com/sideeffect-io/AsyncExtensions.git",
      "state" : {
        "revision" : "c2b32caf189993285b5a782fe7cd658ed1fa9b9a",
        "version" : "0.5.5"
      }
    },
    {
      "identity" : "loggable",
      "kind" : "remoteSourceControl",
      "location" : "https://github.com/arennow/Loggable.git",
      "state" : {
        "branch" : "2.0.0-beta",
        "revision" : "713df4ed0dca08aefc177bb6f7009ea4078c87d4"
      }
    },
    {
      "identity" : "semaphore",
      "kind" : "remoteSourceControl",
      "location" : "https://github.com/groue/Semaphore.git",
      "state" : {
        "revision" : "2543679282aa6f6c8ecf2138acd613ed20790bc2",
        "version" : "0.1.0"
      }
    },
    {
      "identity" : "swift-collections",
      "kind" : "remoteSourceControl",
      "location" : "https://github.com/apple/swift-collections.git",
      "state" : {
        "revision" : "8d9834a6189db730f6264db7556a7ffb751e99ee",
        "version" : "1.4.0"
      }
    },
    {
      "identity" : "swift-log",
      "kind" : "remoteSourceControl",
      "location" : "https://github.com/apple/swift-log.git",
      "state" : {
        "revision" : "bbd81b6725ae874c69e9b8c8804d462356b55523",
        "version" : "1.10.1"
      }
    },
    {
      "identity" : "swift-macro-toolkit",
      "kind" : "remoteSourceControl",
      "location" : "https://github.com/stackotter/swift-macro-toolkit.git",
      "state" : {
        "revision" : "77d4a6d6215a0709d169fa1c2be4df8d8e5f0796",
        "version" : "0.8.0"
      }
    },
    {
      "identity" : "swift-syntax",
      "kind" : "remoteSourceControl",
      "location" : "https://github.com/swiftlang/swift-syntax.git",
      "state" : {
        "revision" : "4799286537280063c85a32f09884cfbca301b1a1",
        "version" : "602.0.0"
      }
    }
  ],
  "version" : 3
}
